
Microsoft Visual Studio Solution File, Format Version 12.00
# Visual Studio Version 17
VisualStudioVersion = 17.3.32922.545
MinimumVisualStudioVersion = 10.0.40219.1
Project("{FAE04EC0-301F-11D3-BF4B-00C04F79EFBC}") = "DevEduLearningOOP", "DevEduLearningOOP\DevEduLearningOOP.csproj", "{3955BA24-9F69-4A69-88E2-FA77F0DB01CD}"
EndProject
Global
	GlobalSection(SolutionConfigurationPlatforms) = preSolution
		Debug|Any CPU = Debug|Any CPU
		Release|Any CPU = Release|Any CPU
	EndGlobalSection
	GlobalSection(ProjectConfigurationPlatforms) = postSolution
		{3955BA24-9F69-4A69-88E2-FA77F0DB01CD}.Debug|Any CPU.ActiveCfg = Debug|Any CPU
		{3955BA24-9F69-4A69-88E2-FA77F0DB01CD}.Debug|Any CPU.Build.0 = Debug|Any CPU
		{3955BA24-9F69-4A69-88E2-FA77F0DB01CD}.Release|Any CPU.ActiveCfg = Release|Any CPU
		{3955BA24-9F69-4A69-88E2-FA77F0DB01CD}.Release|Any CPU.Build.0 = Release|Any CPU
	EndGlobalSection
	GlobalSection(SolutionProperties) = preSolution
		HideSolutionNode = FALSE
	EndGlobalSection
	GlobalSection(ExtensibilityGlobals) = postSolution
		SolutionGuid = {F55D2575-754D-4449-AB21-E632D2B2311A}
	EndGlobalSection
EndGlobal
